# This file was autogenerated by Stack.
# You should not edit this file by hand.
# For more information, please see the documentation at:
#   https://docs.haskellstack.org/en/stable/lock_files

snapshots:
- original: lts-18.15
  completed:
    sha256: 2c9cb11d7aa0656bf28672dcb2414ab21e3ba9ea83ca170c216b2c2fc7e55856
    url: https://raw.githubusercontent.com/commercialhaskell/stackage-snapshots/master/lts/18/15.yaml
    size: 586286
packages:
- original:
    hackage: Chart-cairo-1.9.3
  completed:
    pantry-tree:
      sha256: 6a84b766c3231380ab8d77102e4f1876b7868f99fbaf449dc0b46e293cbc59b2
      size: 238
    hackage: Chart-cairo-1.9.3@sha256:f79100109af9c83f65d23c3409b2a449820e523d468d1f2340f2dd36acfd237d,924
- original:
    hackage: proto-lens-0.7.1.0
  completed:
    pantry-tree:
      sha256: 2f1199d04d0588805e06faa0bf9a75898584d76243d4f945acbcc0e93913732e
      size: 1857
    hackage: proto-lens-0.7.1.0@sha256:b151890929e71db5b8c2ad86cd758bcdf1dfcf25f34eb6c9ce19e3d7cd4eae39,2959
- original:
    hackage: proto-lens-runtime-0.7.0.1
  completed:
    pantry-tree:
      sha256: 145cb9a15b73d45b07cb3f9f0716256b2ed9e27ac296268ce100a4f0e477e110
      size: 168
    hackage: proto-lens-runtime-0.7.0.1@sha256:703f327422b2e204f8ea13c5e178edd8ab42ccd01c7a5a89fcb1b37ab474c68a,3038
- original:
    hackage: proto-lens-setup-0.4.0.5
  completed:
    pantry-tree:
      sha256: 14982fbc9ee0c6f9f9a59c2639b647613eb9c2cfa1d5b1b323077a15ae285ccf
      size: 235
    hackage: proto-lens-setup-0.4.0.5@sha256:ae4514963a6c20ad059bba427cd14b94c6007f614d797ebecae3c37f8bf0fa96,3108
- original:
    hackage: proto-lens-protoc-0.7.1.0
  completed:
    pantry-tree:
      sha256: 1aaa82cb2823b33c9ea96608cc7ec245e54a0d14de8f18736be03220d8dbe683
      size: 1219
    hackage: proto-lens-protoc-0.7.1.0@sha256:b0b92498af74fc4bb770d51f84405d591e73c085a0c1d9952dd3e14ce07b538f,2220
- original:
    hackage: cairo-0.13.8.1
  completed:
    pantry-tree:
      sha256: 8f6344da4c578a4dd3a49c333e2158b695bfae32a74d34a76bbc6e531b70c95c
      size: 2830
    hackage: cairo-0.13.8.1@sha256:1938aaeb5d3504678d995774dfe870f6b66cbd43d336b692fa8779b23b2b67a9,4075
- original:
    hackage: gtk2hs-buildtools-0.13.8.2
  completed:
    pantry-tree:
      sha256: 1c3b449a69f4bb2d27c09a89e447552a58201a3febf5418e67af0001a0cbb0a7
      size: 3588
    hackage: gtk2hs-buildtools-0.13.8.2@sha256:01c4a6cc3679008bd4caec32b49843acb27a5f48ee2b22484218f097835548f6,5238
